
Microsoft Visual Studio Solution File, Format Version 12.00
# Visual Studio 2012
Project("{2150E333-8FDC-42A3-9474-1A3956D46DE8}") = "tests", "tests", "{21776062-DBDA-4408-BF22-9DCB2682DCBC}"
EndProject
Project("{D954291E-2A0B-460D-934E-DC6B0785DB48}") = "managed-shared", "tests\managed\managed-shared.shproj", "{C75D4267-5757-4078-BCF4-7136BE033E96}"
EndProject
Project("{FAE04EC0-301F-11D3-BF4B-00C04F79EFBC}") = "managed-generic", "tests\managed\generic\managed-generic.csproj", "{D56A7E3F-FF5C-4EC2-879F-1260ABBD1903}"
EndProject
Project("{FAE04EC0-301F-11D3-BF4B-00C04F79EFBC}") = "managed-pcl", "tests\managed\pcl\managed-pcl.csproj", "{43B5C8AC-74C4-4EB4-AF2D-C62E36F41379}"
EndProject
Project("{FAE04EC0-301F-11D3-BF4B-00C04F79EFBC}") = "managed-android", "tests\managed\android\managed-android.csproj", "{10E2D025-DED3-490D-8EC6-E99B30FE3E4F}"
EndProject
Project("{FAE04EC0-301F-11D3-BF4B-00C04F79EFBC}") = "MonoEmbeddinator4000.Tests", "tests\MonoEmbeddinator4000.Tests\MonoEmbeddinator4000.Tests.csproj", "{8B817EDA-6575-4C17-8255-85652BDD1366}"
EndProject
Project("{FAE04EC0-301F-11D3-BF4B-00C04F79EFBC}") = "MonoEmbeddinator4000", "build\projects\MonoEmbeddinator4000.csproj", "{509699E3-3C25-23AD-E543-37A8D1B13353}"
EndProject
Project("{2150E333-8FDC-42A3-9474-1A3956D46DE8}") = "dependencies", "dependencies", "{7B2816C2-7370-43B2-820E-FC9C798429BB}"
EndProject
Project("{FAE04EC0-301F-11D3-BF4B-00C04F79EFBC}") = "Xamarin.Android.Tools", "build\projects\Xamarin.Android.Tools.csproj", "{83A10A50-EF0D-C64A-B801-5EA8242DE8B2}"
EndProject
Project("{FAE04EC0-301F-11D3-BF4B-00C04F79EFBC}") = "IKVM.Reflection", "build\projects\IKVM.Reflection.csproj", "{95A93EAD-0135-AC71-0A46-2F6676500872}"
EndProject
Project("{FAE04EC0-301F-11D3-BF4B-00C04F79EFBC}") = "Xamarin.MacDev", "build\projects\Xamarin.MacDev.csproj", "{F329EB84-DFF7-DE8A-C88B-4FB1B4F8BAEF}"
EndProject
Project("{FAE04EC0-301F-11D3-BF4B-00C04F79EFBC}") = "CppSharp", "build\projects\CppSharp.csproj", "{C600C309-B2CD-1D15-DBE6-0BBDC71253A3}"
EndProject
Project("{FAE04EC0-301F-11D3-BF4B-00C04F79EFBC}") = "CppSharp.AST", "build\projects\CppSharp.AST.csproj", "{BC4C5C41-A8AF-EBE5-5135-249C3D77B768}"
EndProject
Project("{FAE04EC0-301F-11D3-BF4B-00C04F79EFBC}") = "CppSharp.Generator", "build\projects\CppSharp.Generator.csproj", "{1BD1FEC4-07B5-BF1A-7015-BA6D5C18AA9C}"
EndProject
Project("{FAE04EC0-301F-11D3-BF4B-00C04F79EFBC}") = "CppSharp.Parser.CSharp", "build\projects\CppSharp.Parser.CSharp.csproj", "{70148081-5C0E-A9D3-457B-3FE431140F40}"
EndProject
Project("{FAE04EC0-301F-11D3-BF4B-00C04F79EFBC}") = "CppSharp.Parser", "build\projects\CppSharp.Parser.csproj", "{C105FD61-2D91-6A26-36A2-ED1AA2ACC626}"
EndProject
Project("{FAE04EC0-301F-11D3-BF4B-00C04F79EFBC}") = "CppSharp.Runtime", "build\projects\CppSharp.Runtime.csproj", "{189FF169-0498-10BC-2DCA-F5401922F0C7}"
EndProject
Project("{9344BDBB-3E7F-41FC-A0DD-8665D75EE146}") = "managedwarn", "tests\managedwarn\managedwarn.csproj", "{92600F2E-3CE9-4D54-8D48-18025DA1A1A3}"
EndProject
Project("{9344BDBB-3E7F-41FC-A0DD-8665D75EE146}") = "objcgentest", "tests\objcgentest\objcgentest.csproj", "{66C993EB-8DC0-4A18-B5B9-CBAA9B12600F}"
EndProject
Project("{9344BDBB-3E7F-41FC-A0DD-8665D75EE146}") = "leaktest", "tests\leaktest\leaktest.csproj", "{1E94086A-238A-42AB-88B7-EDCFC6F32DAF}"
EndProject
Project("{9344BDBB-3E7F-41FC-A0DD-8665D75EE146}") = "managed-ios", "tests\managed\ios\managed-ios.csproj", "{62AD05BC-8BC8-4551-9DB7-52746C50FE17}"
EndProject
Project("{9344BDBB-3E7F-41FC-A0DD-8665D75EE146}") = "managed-macos-system", "tests\managed\macos-system\managed-macos-system.csproj", "{F5F9D612-E037-4687-9A3F-15892911A163}"
EndProject
Project("{9344BDBB-3E7F-41FC-A0DD-8665D75EE146}") = "managed-macos-full", "tests\managed\macos-full\managed-macos-full.csproj", "{021D0BAA-1C71-46E5-8CAE-7A3E57220927}"
EndProject
Project("{9344BDBB-3E7F-41FC-A0DD-8665D75EE146}") = "managed-macos-modern", "tests\managed\macos-modern\managed-macos-modern.csproj", "{BAC9450E-5D18-468A-9EC5-354FAFC12732}"
EndProject
Project("{9344BDBB-3E7F-41FC-A0DD-8665D75EE146}") = "managed-netstandard", "tests\managed\netstandard\managed-netstandard.csproj", "{7B3396C5-BB9E-429E-80E8-2110502EA67B}"
EndProject
Project("{FAE04EC0-301F-11D3-BF4B-00C04F79EFBC}") = "Xamarin.Android.Tools.AnnotationSupport", "external\java.interop\src\Xamarin.Android.Tools.AnnotationSupport\Xamarin.Android.Tools.AnnotationSupport.csproj", "{07BC4495-1267-4B78-9EA6-B76FEEA2A64A}"
EndProject
Project("{9344BDBB-3E7F-41FC-A0DD-8665D75EE146}") = "objcgen", "objcgen\objcgen.csproj", "{1AA5F831-DF62-4449-9B28-EBB125AE55D5}"
EndProject
Project("{FAE04EC0-301F-11D3-BF4B-00C04F79EFBC}") = "Java.Interop.Tools.Cecil", "external\java.interop\src\Java.Interop.Tools.Cecil\Java.Interop.Tools.Cecil.csproj", "{D48EE8D0-0A0A-4493-AEF5-DAF5F8CF86AD}"
EndProject
Project("{FAE04EC0-301F-11D3-BF4B-00C04F79EFBC}") = "Java.Interop.Tools.Diagnostics", "external\java.interop\src\Java.Interop.Tools.Diagnostics\Java.Interop.Tools.Diagnostics.csproj", "{64CC4E44-CE3A-4319-BF3F-6CF8BD513870}"
EndProject
Project("{FAE04EC0-301F-11D3-BF4B-00C04F79EFBC}") = "Xamarin.Android.Cecil", "external\java.interop\src\Xamarin.Android.Cecil\Xamarin.Android.Cecil.csproj", "{15945D4B-FF56-4BCC-B598-2718D199DD08}"
EndProject
Project("{D954291E-2A0B-460D-934E-DC6B0785DB48}") = "Java.Interop.Tools.TypeNameMappings", "external\java.interop\src\Java.Interop.Tools.TypeNameMappings\Java.Interop.Tools.TypeNameMappings.shproj", "{E706B6F2-5562-4765-8F07-8CF84A797B30}"
EndProject
Project("{D954291E-2A0B-460D-934E-DC6B0785DB48}") = "Java.Interop.NamingCustomAttributes", "external\java.interop\src\Java.Interop.NamingCustomAttributes\Java.Interop.NamingCustomAttributes.shproj", "{FE789F04-5E95-42C5-AEF1-E33F8DF06B3F}"
EndProject
Project("{FAE04EC0-301F-11D3-BF4B-00C04F79EFBC}") = "generator", "external\java.interop\tools\generator\generator.csproj", "{D14A1B5C-2060-4930-92BE-F7190256C735}"
EndProject
Project("{FAE04EC0-301F-11D3-BF4B-00C04F79EFBC}") = "Xamarin.Android.Tools.ApiXmlAdjuster", "external\java.interop\src\Xamarin.Android.Tools.ApiXmlAdjuster\Xamarin.Android.Tools.ApiXmlAdjuster.csproj", "{1268EADF-8344-431C-81F6-FCB7CBC99F49}"
EndProject
Project("{2150E333-8FDC-42A3-9474-1A3956D46DE8}") = "android", "android", "{737123B1-EF48-4FD4-A285-F2BFF14A8003}"
EndProject
Global
	GlobalSection(SolutionConfigurationPlatforms) = preSolution
		Debug|x86 = Debug|x86
		Release|x86 = Release|x86
	EndGlobalSection
	GlobalSection(ProjectConfigurationPlatforms) = postSolution
		{D56A7E3F-FF5C-4EC2-879F-1260ABBD1903}.Debug|x86.ActiveCfg = Debug|x86
		{D56A7E3F-FF5C-4EC2-879F-1260ABBD1903}.Debug|x86.Build.0 = Debug|x86
		{D56A7E3F-FF5C-4EC2-879F-1260ABBD1903}.Release|x86.ActiveCfg = Release|x86
		{D56A7E3F-FF5C-4EC2-879F-1260ABBD1903}.Release|x86.Build.0 = Release|x86
		{43B5C8AC-74C4-4EB4-AF2D-C62E36F41379}.Debug|x86.ActiveCfg = Debug|Any CPU
		{43B5C8AC-74C4-4EB4-AF2D-C62E36F41379}.Debug|x86.Build.0 = Debug|Any CPU
		{43B5C8AC-74C4-4EB4-AF2D-C62E36F41379}.Release|x86.ActiveCfg = Release|Any CPU
		{43B5C8AC-74C4-4EB4-AF2D-C62E36F41379}.Release|x86.Build.0 = Release|Any CPU
		{10E2D025-DED3-490D-8EC6-E99B30FE3E4F}.Debug|x86.ActiveCfg = Debug|Any CPU
		{10E2D025-DED3-490D-8EC6-E99B30FE3E4F}.Debug|x86.Build.0 = Debug|Any CPU
		{10E2D025-DED3-490D-8EC6-E99B30FE3E4F}.Release|x86.ActiveCfg = Release|Any CPU
		{10E2D025-DED3-490D-8EC6-E99B30FE3E4F}.Release|x86.Build.0 = Release|Any CPU
		{8B817EDA-6575-4C17-8255-85652BDD1366}.Debug|x86.ActiveCfg = Debug|x86
		{8B817EDA-6575-4C17-8255-85652BDD1366}.Debug|x86.Build.0 = Debug|x86
		{8B817EDA-6575-4C17-8255-85652BDD1366}.Release|x86.ActiveCfg = Release|x86
		{8B817EDA-6575-4C17-8255-85652BDD1366}.Release|x86.Build.0 = Release|x86
		{509699E3-3C25-23AD-E543-37A8D1B13353}.Debug|x86.ActiveCfg = Debug|x86
		{509699E3-3C25-23AD-E543-37A8D1B13353}.Debug|x86.Build.0 = Debug|x86
		{509699E3-3C25-23AD-E543-37A8D1B13353}.Release|x86.ActiveCfg = Release|x86
		{509699E3-3C25-23AD-E543-37A8D1B13353}.Release|x86.Build.0 = Release|x86
		{83A10A50-EF0D-C64A-B801-5EA8242DE8B2}.Debug|x86.ActiveCfg = Debug|x86
		{83A10A50-EF0D-C64A-B801-5EA8242DE8B2}.Debug|x86.Build.0 = Debug|x86
		{83A10A50-EF0D-C64A-B801-5EA8242DE8B2}.Release|x86.ActiveCfg = Release|x86
		{83A10A50-EF0D-C64A-B801-5EA8242DE8B2}.Release|x86.Build.0 = Release|x86
		{95A93EAD-0135-AC71-0A46-2F6676500872}.Debug|x86.ActiveCfg = Debug|x86
		{95A93EAD-0135-AC71-0A46-2F6676500872}.Debug|x86.Build.0 = Debug|x86
		{95A93EAD-0135-AC71-0A46-2F6676500872}.Release|x86.ActiveCfg = Release|x86
		{95A93EAD-0135-AC71-0A46-2F6676500872}.Release|x86.Build.0 = Release|x86
		{F329EB84-DFF7-DE8A-C88B-4FB1B4F8BAEF}.Debug|x86.ActiveCfg = Debug|x86
		{F329EB84-DFF7-DE8A-C88B-4FB1B4F8BAEF}.Debug|x86.Build.0 = Debug|x86
		{F329EB84-DFF7-DE8A-C88B-4FB1B4F8BAEF}.Release|x86.ActiveCfg = Release|x86
		{F329EB84-DFF7-DE8A-C88B-4FB1B4F8BAEF}.Release|x86.Build.0 = Release|x86
		{C600C309-B2CD-1D15-DBE6-0BBDC71253A3}.Debug|x86.ActiveCfg = Debug|x86
		{C600C309-B2CD-1D15-DBE6-0BBDC71253A3}.Debug|x86.Build.0 = Debug|x86
		{C600C309-B2CD-1D15-DBE6-0BBDC71253A3}.Release|x86.ActiveCfg = Release|x86
		{C600C309-B2CD-1D15-DBE6-0BBDC71253A3}.Release|x86.Build.0 = Release|x86
		{BC4C5C41-A8AF-EBE5-5135-249C3D77B768}.Debug|x86.ActiveCfg = Debug|x86
		{BC4C5C41-A8AF-EBE5-5135-249C3D77B768}.Debug|x86.Build.0 = Debug|x86
		{BC4C5C41-A8AF-EBE5-5135-249C3D77B768}.Release|x86.ActiveCfg = Release|x86
		{BC4C5C41-A8AF-EBE5-5135-249C3D77B768}.Release|x86.Build.0 = Release|x86
		{1BD1FEC4-07B5-BF1A-7015-BA6D5C18AA9C}.Debug|x86.ActiveCfg = Debug|x86
		{1BD1FEC4-07B5-BF1A-7015-BA6D5C18AA9C}.Debug|x86.Build.0 = Debug|x86
		{1BD1FEC4-07B5-BF1A-7015-BA6D5C18AA9C}.Release|x86.ActiveCfg = Release|x86
		{1BD1FEC4-07B5-BF1A-7015-BA6D5C18AA9C}.Release|x86.Build.0 = Release|x86
		{70148081-5C0E-A9D3-457B-3FE431140F40}.Debug|x86.ActiveCfg = Debug|x86
		{70148081-5C0E-A9D3-457B-3FE431140F40}.Debug|x86.Build.0 = Debug|x86
		{70148081-5C0E-A9D3-457B-3FE431140F40}.Release|x86.ActiveCfg = Release|x86
		{70148081-5C0E-A9D3-457B-3FE431140F40}.Release|x86.Build.0 = Release|x86
		{C105FD61-2D91-6A26-36A2-ED1AA2ACC626}.Debug|x86.ActiveCfg = Debug|x86
		{C105FD61-2D91-6A26-36A2-ED1AA2ACC626}.Debug|x86.Build.0 = Debug|x86
		{C105FD61-2D91-6A26-36A2-ED1AA2ACC626}.Release|x86.ActiveCfg = Release|x86
		{C105FD61-2D91-6A26-36A2-ED1AA2ACC626}.Release|x86.Build.0 = Release|x86
		{189FF169-0498-10BC-2DCA-F5401922F0C7}.Debug|x86.ActiveCfg = Debug|x86
		{189FF169-0498-10BC-2DCA-F5401922F0C7}.Debug|x86.Build.0 = Debug|x86
		{189FF169-0498-10BC-2DCA-F5401922F0C7}.Release|x86.ActiveCfg = Release|x86
		{189FF169-0498-10BC-2DCA-F5401922F0C7}.Release|x86.Build.0 = Release|x86
		{92600F2E-3CE9-4D54-8D48-18025DA1A1A3}.Debug|x86.ActiveCfg = Debug|Any CPU
		{92600F2E-3CE9-4D54-8D48-18025DA1A1A3}.Debug|x86.Build.0 = Debug|Any CPU
		{92600F2E-3CE9-4D54-8D48-18025DA1A1A3}.Release|x86.ActiveCfg = Release|Any CPU
		{92600F2E-3CE9-4D54-8D48-18025DA1A1A3}.Release|x86.Build.0 = Release|Any CPU
		{66C993EB-8DC0-4A18-B5B9-CBAA9B12600F}.Debug|x86.ActiveCfg = Debug|x86
		{66C993EB-8DC0-4A18-B5B9-CBAA9B12600F}.Debug|x86.Build.0 = Debug|x86
		{66C993EB-8DC0-4A18-B5B9-CBAA9B12600F}.Release|x86.ActiveCfg = Release|x86
		{66C993EB-8DC0-4A18-B5B9-CBAA9B12600F}.Release|x86.Build.0 = Release|x86
		{1E94086A-238A-42AB-88B7-EDCFC6F32DAF}.Debug|x86.ActiveCfg = Debug|x86
		{1E94086A-238A-42AB-88B7-EDCFC6F32DAF}.Debug|x86.Build.0 = Debug|x86
		{1E94086A-238A-42AB-88B7-EDCFC6F32DAF}.Release|x86.ActiveCfg = Release|x86
		{1E94086A-238A-42AB-88B7-EDCFC6F32DAF}.Release|x86.Build.0 = Release|x86
		{62AD05BC-8BC8-4551-9DB7-52746C50FE17}.Debug|x86.ActiveCfg = Debug|x86
		{62AD05BC-8BC8-4551-9DB7-52746C50FE17}.Debug|x86.Build.0 = Debug|x86
		{62AD05BC-8BC8-4551-9DB7-52746C50FE17}.Release|x86.ActiveCfg = Release|x86
		{62AD05BC-8BC8-4551-9DB7-52746C50FE17}.Release|x86.Build.0 = Release|x86
		{F5F9D612-E037-4687-9A3F-15892911A163}.Debug|x86.ActiveCfg = Debug|x86
		{F5F9D612-E037-4687-9A3F-15892911A163}.Debug|x86.Build.0 = Debug|x86
		{F5F9D612-E037-4687-9A3F-15892911A163}.Release|x86.ActiveCfg = Release|x86
		{F5F9D612-E037-4687-9A3F-15892911A163}.Release|x86.Build.0 = Release|x86
		{021D0BAA-1C71-46E5-8CAE-7A3E57220927}.Debug|x86.ActiveCfg = Debug|x86
		{021D0BAA-1C71-46E5-8CAE-7A3E57220927}.Debug|x86.Build.0 = Debug|x86
		{021D0BAA-1C71-46E5-8CAE-7A3E57220927}.Release|x86.ActiveCfg = Release|x86
		{021D0BAA-1C71-46E5-8CAE-7A3E57220927}.Release|x86.Build.0 = Release|x86
		{BAC9450E-5D18-468A-9EC5-354FAFC12732}.Debug|x86.ActiveCfg = Debug|x86
		{BAC9450E-5D18-468A-9EC5-354FAFC12732}.Debug|x86.Build.0 = Debug|x86
		{BAC9450E-5D18-468A-9EC5-354FAFC12732}.Release|x86.ActiveCfg = Release|x86
		{BAC9450E-5D18-468A-9EC5-354FAFC12732}.Release|x86.Build.0 = Release|x86
		{7B3396C5-BB9E-429E-80E8-2110502EA67B}.Debug|x86.ActiveCfg = Debug|Any CPU
		{7B3396C5-BB9E-429E-80E8-2110502EA67B}.Debug|x86.Build.0 = Debug|Any CPU
		{7B3396C5-BB9E-429E-80E8-2110502EA67B}.Release|x86.ActiveCfg = Release|Any CPU
		{7B3396C5-BB9E-429E-80E8-2110502EA67B}.Release|x86.Build.0 = Release|Any CPU
		{07BC4495-1267-4B78-9EA6-B76FEEA2A64A}.Debug|x86.ActiveCfg = Debug|Any CPU
		{07BC4495-1267-4B78-9EA6-B76FEEA2A64A}.Debug|x86.Build.0 = Debug|Any CPU
		{07BC4495-1267-4B78-9EA6-B76FEEA2A64A}.Release|x86.ActiveCfg = Release|Any CPU
		{07BC4495-1267-4B78-9EA6-B76FEEA2A64A}.Release|x86.Build.0 = Release|Any CPU
		{1AA5F831-DF62-4449-9B28-EBB125AE55D5}.Debug|x86.ActiveCfg = Debug|x86
		{1AA5F831-DF62-4449-9B28-EBB125AE55D5}.Debug|x86.Build.0 = Debug|x86
		{1AA5F831-DF62-4449-9B28-EBB125AE55D5}.Release|x86.ActiveCfg = Release|x86
		{1AA5F831-DF62-4449-9B28-EBB125AE55D5}.Release|x86.Build.0 = Release|x86
		{D48EE8D0-0A0A-4493-AEF5-DAF5F8CF86AD}.Debug|x86.ActiveCfg = Debug|Any CPU
		{D48EE8D0-0A0A-4493-AEF5-DAF5F8CF86AD}.Debug|x86.Build.0 = Debug|Any CPU
		{D48EE8D0-0A0A-4493-AEF5-DAF5F8CF86AD}.Release|x86.ActiveCfg = Release|Any CPU
		{D48EE8D0-0A0A-4493-AEF5-DAF5F8CF86AD}.Release|x86.Build.0 = Release|Any CPU
		{64CC4E44-CE3A-4319-BF3F-6CF8BD513870}.Debug|x86.ActiveCfg = Debug|Any CPU
		{64CC4E44-CE3A-4319-BF3F-6CF8BD513870}.Debug|x86.Build.0 = Debug|Any CPU
		{64CC4E44-CE3A-4319-BF3F-6CF8BD513870}.Release|x86.ActiveCfg = Release|Any CPU
		{64CC4E44-CE3A-4319-BF3F-6CF8BD513870}.Release|x86.Build.0 = Release|Any CPU
		{15945D4B-FF56-4BCC-B598-2718D199DD08}.Debug|x86.ActiveCfg = Debug|Any CPU
		{15945D4B-FF56-4BCC-B598-2718D199DD08}.Debug|x86.Build.0 = Debug|Any CPU
		{15945D4B-FF56-4BCC-B598-2718D199DD08}.Release|x86.ActiveCfg = Release|Any CPU
		{15945D4B-FF56-4BCC-B598-2718D199DD08}.Release|x86.Build.0 = Release|Any CPU
		{D14A1B5C-2060-4930-92BE-F7190256C735}.Debug|x86.ActiveCfg = Debug|Any CPU
		{D14A1B5C-2060-4930-92BE-F7190256C735}.Debug|x86.Build.0 = Debug|Any CPU
		{D14A1B5C-2060-4930-92BE-F7190256C735}.Release|x86.ActiveCfg = Release|Any CPU
		{D14A1B5C-2060-4930-92BE-F7190256C735}.Release|x86.Build.0 = Release|Any CPU
		{1268EADF-8344-431C-81F6-FCB7CBC99F49}.Debug|x86.ActiveCfg = Debug|Any CPU
		{1268EADF-8344-431C-81F6-FCB7CBC99F49}.Debug|x86.Build.0 = Debug|Any CPU
		{1268EADF-8344-431C-81F6-FCB7CBC99F49}.Release|x86.ActiveCfg = Release|Any CPU
		{1268EADF-8344-431C-81F6-FCB7CBC99F49}.Release|x86.Build.0 = Release|Any CPU
	EndGlobalSection
	GlobalSection(NestedProjects) = preSolution
		{C75D4267-5757-4078-BCF4-7136BE033E96} = {21776062-DBDA-4408-BF22-9DCB2682DCBC}
		{D56A7E3F-FF5C-4EC2-879F-1260ABBD1903} = {21776062-DBDA-4408-BF22-9DCB2682DCBC}
		{43B5C8AC-74C4-4EB4-AF2D-C62E36F41379} = {21776062-DBDA-4408-BF22-9DCB2682DCBC}
		{10E2D025-DED3-490D-8EC6-E99B30FE3E4F} = {21776062-DBDA-4408-BF22-9DCB2682DCBC}
		{8B817EDA-6575-4C17-8255-85652BDD1366} = {21776062-DBDA-4408-BF22-9DCB2682DCBC}
		{83A10A50-EF0D-C64A-B801-5EA8242DE8B2} = {737123B1-EF48-4FD4-A285-F2BFF14A8003}
		{95A93EAD-0135-AC71-0A46-2F6676500872} = {7B2816C2-7370-43B2-820E-FC9C798429BB}
		{F329EB84-DFF7-DE8A-C88B-4FB1B4F8BAEF} = {7B2816C2-7370-43B2-820E-FC9C798429BB}
		{C600C309-B2CD-1D15-DBE6-0BBDC71253A3} = {7B2816C2-7370-43B2-820E-FC9C798429BB}
		{BC4C5C41-A8AF-EBE5-5135-249C3D77B768} = {7B2816C2-7370-43B2-820E-FC9C798429BB}
		{1BD1FEC4-07B5-BF1A-7015-BA6D5C18AA9C} = {7B2816C2-7370-43B2-820E-FC9C798429BB}
		{70148081-5C0E-A9D3-457B-3FE431140F40} = {7B2816C2-7370-43B2-820E-FC9C798429BB}
		{C105FD61-2D91-6A26-36A2-ED1AA2ACC626} = {7B2816C2-7370-43B2-820E-FC9C798429BB}
		{189FF169-0498-10BC-2DCA-F5401922F0C7} = {7B2816C2-7370-43B2-820E-FC9C798429BB}
		{92600F2E-3CE9-4D54-8D48-18025DA1A1A3} = {21776062-DBDA-4408-BF22-9DCB2682DCBC}
		{66C993EB-8DC0-4A18-B5B9-CBAA9B12600F} = {21776062-DBDA-4408-BF22-9DCB2682DCBC}
		{1E94086A-238A-42AB-88B7-EDCFC6F32DAF} = {21776062-DBDA-4408-BF22-9DCB2682DCBC}
		{62AD05BC-8BC8-4551-9DB7-52746C50FE17} = {21776062-DBDA-4408-BF22-9DCB2682DCBC}
		{F5F9D612-E037-4687-9A3F-15892911A163} = {21776062-DBDA-4408-BF22-9DCB2682DCBC}
		{021D0BAA-1C71-46E5-8CAE-7A3E57220927} = {21776062-DBDA-4408-BF22-9DCB2682DCBC}
		{BAC9450E-5D18-468A-9EC5-354FAFC12732} = {21776062-DBDA-4408-BF22-9DCB2682DCBC}
		{7B3396C5-BB9E-429E-80E8-2110502EA67B} = {21776062-DBDA-4408-BF22-9DCB2682DCBC}
		{07BC4495-1267-4B78-9EA6-B76FEEA2A64A} = {737123B1-EF48-4FD4-A285-F2BFF14A8003}
		{D48EE8D0-0A0A-4493-AEF5-DAF5F8CF86AD} = {737123B1-EF48-4FD4-A285-F2BFF14A8003}
		{64CC4E44-CE3A-4319-BF3F-6CF8BD513870} = {737123B1-EF48-4FD4-A285-F2BFF14A8003}
		{15945D4B-FF56-4BCC-B598-2718D199DD08} = {737123B1-EF48-4FD4-A285-F2BFF14A8003}
		{E706B6F2-5562-4765-8F07-8CF84A797B30} = {737123B1-EF48-4FD4-A285-F2BFF14A8003}
		{FE789F04-5E95-42C5-AEF1-E33F8DF06B3F} = {737123B1-EF48-4FD4-A285-F2BFF14A8003}
		{D14A1B5C-2060-4930-92BE-F7190256C735} = {737123B1-EF48-4FD4-A285-F2BFF14A8003}
		{1268EADF-8344-431C-81F6-FCB7CBC99F49} = {737123B1-EF48-4FD4-A285-F2BFF14A8003}
		{737123B1-EF48-4FD4-A285-F2BFF14A8003} = {7B2816C2-7370-43B2-820E-FC9C798429BB}
	EndGlobalSection
EndGlobal
